uuid: 63253a42-af3b-45e8-b15a-2b452089f9f5
langcode: de
status: true
dependencies:
  module:
    - layout_paragraphs
  enforced:
    module:
      - av_p_sections_block
id: p_sections_block
label: 'Block-/ Panorama-/ Vordefinierter Abschnitt'
icon_uuid: null
icon_default: null
description: ''
behavior_plugins:
  layout_paragraphs:
    enabled: true
    available_layouts:
      section_block: 'Block-/ Panorama-/ Vordefinierter Abschnitt'
