langcode: de
status: true
dependencies:
  config:
    - field.storage.paragraph.field_p_b_block
    - paragraphs.paragraphs_type.p_block
  enforced:
    module:
      - av_p_block
id: paragraph.p_block.field_p_b_block
field_name: field_p_b_block
entity_type: paragraph
bundle: p_block
label: Block
description: ''
required: false
translatable: false
default_value: {  }
default_value_callback: ''
settings:
  handler: 'default:block'
  handler_settings:
    target_bundles: null
    auto_create: false
field_type: entity_reference
